
Microsoft Visual Studio Solution File, Format Version 12.00
# Visual Studio 15
VisualStudioVersion = 15.0.28010.2046
MinimumVisualStudioVersion = 10.0.40219.1
Project("{9A19103F-16F7-4668-BE54-9A1E7A4F7556}") = "HardwareMonitor", "HardwareMonitor.csproj", "{3917B2D0-8846-4A6E-A995-EB492BF8B9FB}"
EndProject
Global
	GlobalSection(SolutionConfigurationPlatforms) = preSolution
		Debug|Any CPU = Debug|Any CPU
		Release|Any CPU = Release|Any CPU
	EndGlobalSection
	GlobalSection(ProjectConfigurationPlatforms) = postSolution
		{3917B2D0-8846-4A6E-A995-EB492BF8B9FB}.Debug|Any CPU.ActiveCfg = Debug|Any CPU
		{3917B2D0-8846-4A6E-A995-EB492BF8B9FB}.Debug|Any CPU.Build.0 = Debug|Any CPU
		{3917B2D0-8846-4A6E-A995-EB492BF8B9FB}.Release|Any CPU.ActiveCfg = Release|Any CPU
		{3917B2D0-8846-4A6E-A995-EB492BF8B9FB}.Release|Any CPU.Build.0 = Release|Any CPU
	EndGlobalSection
	GlobalSection(SolutionProperties) = preSolution
		HideSolutionNode = FALSE
	EndGlobalSection
	GlobalSection(ExtensibilityGlobals) = postSolution
		SolutionGuid = {56E9753A-913F-4E7B-BB22-5A79FF36D96D}
	EndGlobalSection
EndGlobal
